
Microsoft Visual Studio Solution File, Format Version 12.00
# Visual Studio Version 16
VisualStudioVersion = 16.0.30517.126
MinimumVisualStudioVersion = 10.0.40219.1
Project("{FAE04EC0-301F-11D3-BF4B-00C04F79EFBC}") = "ProtoMessageClient", "ProtoMessageClient.csproj", "{88287CD4-35B9-412C-BE53-2149DEA12382}"
EndProject
Global
	GlobalSection(SolutionConfigurationPlatforms) = preSolution
		Debug|Any CPU = Debug|Any CPU
		Release|Any CPU = Release|Any CPU
	EndGlobalSection
	GlobalSection(ProjectConfigurationPlatforms) = postSolution
		{88287CD4-35B9-412C-BE53-2149DEA12382}.Debug|Any CPU.ActiveCfg = Debug|Any CPU
		{88287CD4-35B9-412C-BE53-2149DEA12382}.Debug|Any CPU.Build.0 = Debug|Any CPU
		{88287CD4-35B9-412C-BE53-2149DEA12382}.Release|Any CPU.ActiveCfg = Release|Any CPU
		{88287CD4-35B9-412C-BE53-2149DEA12382}.Release|Any CPU.Build.0 = Release|Any CPU
	EndGlobalSection
	GlobalSection(SolutionProperties) = preSolution
		HideSolutionNode = FALSE
	EndGlobalSection
	GlobalSection(ExtensibilityGlobals) = postSolution
		SolutionGuid = {52F1DE45-7944-44A0-9162-21DA98D4B0E2}
	EndGlobalSection
EndGlobal
